
Microsoft Visual Studio Solution File, Format Version 12.00
# Visual Studio Version 17
VisualStudioVersion = 17.10.34928.147
MinimumVisualStudioVersion = 10.0.40219.1
Project("{FAE04EC0-301F-11D3-BF4B-00C04F79EFBC}") = "Knowledge Millionaire", "Knowledge Millionaire\Knowledge Millionaire.csproj", "{8003E8C6-36BB-4B7F-9317-EF1FC7C66394}"
EndProject
Project("{FAE04EC0-301F-11D3-BF4B-00C04F79EFBC}") = "KMillionaireCreator", "KMillionaireDashboard\KMillionaireCreator.csproj", "{76885242-0140-4F2E-B551-D294F250B30F}"
EndProject
Global
	GlobalSection(SolutionConfigurationPlatforms) = preSolution
		Debug|Any CPU = Debug|Any CPU
		Release|Any CPU = Release|Any CPU
	EndGlobalSection
	GlobalSection(ProjectConfigurationPlatforms) = postSolution
		{8003E8C6-36BB-4B7F-9317-EF1FC7C66394}.Debug|Any CPU.ActiveCfg = Debug|Any CPU
		{8003E8C6-36BB-4B7F-9317-EF1FC7C66394}.Debug|Any CPU.Build.0 = Debug|Any CPU
		{8003E8C6-36BB-4B7F-9317-EF1FC7C66394}.Release|Any CPU.ActiveCfg = Release|Any CPU
		{8003E8C6-36BB-4B7F-9317-EF1FC7C66394}.Release|Any CPU.Build.0 = Release|Any CPU
		{76885242-0140-4F2E-B551-D294F250B30F}.Debug|Any CPU.ActiveCfg = Debug|Any CPU
		{76885242-0140-4F2E-B551-D294F250B30F}.Debug|Any CPU.Build.0 = Debug|Any CPU
		{76885242-0140-4F2E-B551-D294F250B30F}.Release|Any CPU.ActiveCfg = Release|Any CPU
		{76885242-0140-4F2E-B551-D294F250B30F}.Release|Any CPU.Build.0 = Release|Any CPU
	EndGlobalSection
	GlobalSection(SolutionProperties) = preSolution
		HideSolutionNode = FALSE
	EndGlobalSection
	GlobalSection(ExtensibilityGlobals) = postSolution
		SolutionGuid = {9C34711D-95B8-49A1-BBEE-2D07FDF27630}
	EndGlobalSection
EndGlobal
